
Microsoft Visual Studio Solution File, Format Version 12.00
# Visual Studio 2012
Project("{FAE04EC0-301F-11D3-BF4B-00C04F79EFBC}") = "RhinoMobile.Touch", "RhinoMobile.Touch.csproj", "{022F5A8C-7A17-46D0-BCAD-EBB83305B20C}"
EndProject
Global
	GlobalSection(SolutionConfigurationPlatforms) = preSolution
		Debug|Any CPU = Debug|Any CPU
		Release|Any CPU = Release|Any CPU
	EndGlobalSection
	GlobalSection(ProjectConfigurationPlatforms) = postSolution
		{022F5A8C-7A17-46D0-BCAD-EBB83305B20C}.Debug|Any CPU.ActiveCfg = Debug|Any CPU
		{022F5A8C-7A17-46D0-BCAD-EBB83305B20C}.Debug|Any CPU.Build.0 = Debug|Any CPU
		{022F5A8C-7A17-46D0-BCAD-EBB83305B20C}.Release|Any CPU.ActiveCfg = Release|Any CPU
		{022F5A8C-7A17-46D0-BCAD-EBB83305B20C}.Release|Any CPU.Build.0 = Release|Any CPU
	EndGlobalSection
EndGlobal
